# This file was autogenerated by Stack.
# You should not edit this file by hand.
# For more information, please see the documentation at:
#   https://docs.haskellstack.org/en/stable/lock_files

packages:
- completed:
    hackage: iwlib-0.1.0@sha256:226e4582d6878166a172ff98c868e25c4ed478ab28ab493498e464b1fe19d39a,921
    pantry-tree:
      size: 259
      sha256: f867a93991b791adf4c65bb91f385effee7e18bd78d8e0a61fd03f42f6073705
  original:
    hackage: iwlib-0.1.0
snapshots:
- completed:
    size: 488576
    url: https://raw.githubusercontent.com/commercialhaskell/stackage-snapshots/master/lts/15/0.yaml
    sha256: e4b6a87b47ec1cf63a7f1a0884a3b276fce2b0d174a10e8753c4f618e7983568
  original: lts-15.0
